
Microsoft Visual Studio Solution File, Format Version 12.00
# Visual Studio Version 16
VisualStudioVersion = 16.0.30413.136
MinimumVisualStudioVersion = 10.0.40219.1
Project("{FAE04EC0-301F-11D3-BF4B-00C04F79EFBC}") = "MicroS", "MicroS\MicroS.csproj", "{9439DB80-A815-4CB5-9770-026470D96CCF}"
EndProject
Global
	GlobalSection(SolutionConfigurationPlatforms) = preSolution
		Debug|Any CPU = Debug|Any CPU
		Release|Any CPU = Release|Any CPU
	EndGlobalSection
	GlobalSection(ProjectConfigurationPlatforms) = postSolution
		{9439DB80-A815-4CB5-9770-026470D96CCF}.Debug|Any CPU.ActiveCfg = Debug|Any CPU
		{9439DB80-A815-4CB5-9770-026470D96CCF}.Debug|Any CPU.Build.0 = Debug|Any CPU
		{9439DB80-A815-4CB5-9770-026470D96CCF}.Release|Any CPU.ActiveCfg = Release|Any CPU
		{9439DB80-A815-4CB5-9770-026470D96CCF}.Release|Any CPU.Build.0 = Release|Any CPU
	EndGlobalSection
	GlobalSection(SolutionProperties) = preSolution
		HideSolutionNode = FALSE
	EndGlobalSection
	GlobalSection(ExtensibilityGlobals) = postSolution
		SolutionGuid = {3CE91D4B-D8BE-4CE7-9EDB-161F70692ED2}
	EndGlobalSection
EndGlobal
