
Microsoft Visual Studio Solution File, Format Version 12.00
# Visual Studio Version 16
VisualStudioVersion = 16.0.30413.136
MinimumVisualStudioVersion = 10.0.40219.1
Project("{9A19103F-16F7-4668-BE54-9A1E7A4F7556}") = "MicroService.API", "MicroS\MicroService.API.csproj", "{9439DB80-A815-4CB5-9770-026470D96CCF}"
EndProject
Project("{2150E333-8FDC-42A3-9474-1A3956D46DE8}") = "MicroS", "MicroS", "{15760239-3FEB-4D9F-A7C9-D0C902983687}"
EndProject
Project("{9A19103F-16F7-4668-BE54-9A1E7A4F7556}") = "MicroService.Domain", "MicroService.Domain\MicroService.Domain.csproj", "{A0A36EDB-ABEF-45DF-BFBE-E51E3DDCB546}"
EndProject
Project("{9A19103F-16F7-4668-BE54-9A1E7A4F7556}") = "MicroService.Infrastructure", "MicroService.Infrastructure\MicroService.Infrastructure.csproj", "{2B39AC4A-9984-4E34-95E9-B8944E5BFD56}"
EndProject
Project("{9A19103F-16F7-4668-BE54-9A1E7A4F7556}") = "MicroService.Unit.Tests", "MicroService.Unit.Tests\MicroService.Unit.Tests.csproj", "{1B4FE37A-2232-4F49-BC8C-38D2D90225E3}"
EndProject
Project("{9A19103F-16F7-4668-BE54-9A1E7A4F7556}") = "MicroService.Integration.Tests", "MicroService.Integration.Tests\MicroService.Integration.Tests.csproj", "{FC3224E8-8870-457D-B62C-5C82DAE3021C}"
EndProject
Project("{2150E333-8FDC-42A3-9474-1A3956D46DE8}") = "Tests", "Tests", "{4D5B2C99-3280-4A35-BBF7-807FE8426F4A}"
EndProject
Global
	GlobalSection(SolutionConfigurationPlatforms) = preSolution
		Debug|Any CPU = Debug|Any CPU
		Release|Any CPU = Release|Any CPU
	EndGlobalSection
	GlobalSection(ProjectConfigurationPlatforms) = postSolution
		{9439DB80-A815-4CB5-9770-026470D96CCF}.Debug|Any CPU.ActiveCfg = Debug|Any CPU
		{9439DB80-A815-4CB5-9770-026470D96CCF}.Debug|Any CPU.Build.0 = Debug|Any CPU
		{9439DB80-A815-4CB5-9770-026470D96CCF}.Release|Any CPU.ActiveCfg = Release|Any CPU
		{9439DB80-A815-4CB5-9770-026470D96CCF}.Release|Any CPU.Build.0 = Release|Any CPU
		{A0A36EDB-ABEF-45DF-BFBE-E51E3DDCB546}.Debug|Any CPU.ActiveCfg = Debug|Any CPU
		{A0A36EDB-ABEF-45DF-BFBE-E51E3DDCB546}.Debug|Any CPU.Build.0 = Debug|Any CPU
		{A0A36EDB-ABEF-45DF-BFBE-E51E3DDCB546}.Release|Any CPU.ActiveCfg = Release|Any CPU
		{A0A36EDB-ABEF-45DF-BFBE-E51E3DDCB546}.Release|Any CPU.Build.0 = Release|Any CPU
		{2B39AC4A-9984-4E34-95E9-B8944E5BFD56}.Debug|Any CPU.ActiveCfg = Debug|Any CPU
		{2B39AC4A-9984-4E34-95E9-B8944E5BFD56}.Debug|Any CPU.Build.0 = Debug|Any CPU
		{2B39AC4A-9984-4E34-95E9-B8944E5BFD56}.Release|Any CPU.ActiveCfg = Release|Any CPU
		{2B39AC4A-9984-4E34-95E9-B8944E5BFD56}.Release|Any CPU.Build.0 = Release|Any CPU
		{1B4FE37A-2232-4F49-BC8C-38D2D90225E3}.Debug|Any CPU.ActiveCfg = Debug|Any CPU
		{1B4FE37A-2232-4F49-BC8C-38D2D90225E3}.Debug|Any CPU.Build.0 = Debug|Any CPU
		{1B4FE37A-2232-4F49-BC8C-38D2D90225E3}.Release|Any CPU.ActiveCfg = Release|Any CPU
		{1B4FE37A-2232-4F49-BC8C-38D2D90225E3}.Release|Any CPU.Build.0 = Release|Any CPU
		{FC3224E8-8870-457D-B62C-5C82DAE3021C}.Debug|Any CPU.ActiveCfg = Debug|Any CPU
		{FC3224E8-8870-457D-B62C-5C82DAE3021C}.Debug|Any CPU.Build.0 = Debug|Any CPU
		{FC3224E8-8870-457D-B62C-5C82DAE3021C}.Release|Any CPU.ActiveCfg = Release|Any CPU
		{FC3224E8-8870-457D-B62C-5C82DAE3021C}.Release|Any CPU.Build.0 = Release|Any CPU
	EndGlobalSection
	GlobalSection(SolutionProperties) = preSolution
		HideSolutionNode = FALSE
	EndGlobalSection
	GlobalSection(NestedProjects) = preSolution
		{9439DB80-A815-4CB5-9770-026470D96CCF} = {15760239-3FEB-4D9F-A7C9-D0C902983687}
		{A0A36EDB-ABEF-45DF-BFBE-E51E3DDCB546} = {15760239-3FEB-4D9F-A7C9-D0C902983687}
		{2B39AC4A-9984-4E34-95E9-B8944E5BFD56} = {15760239-3FEB-4D9F-A7C9-D0C902983687}
		{1B4FE37A-2232-4F49-BC8C-38D2D90225E3} = {4D5B2C99-3280-4A35-BBF7-807FE8426F4A}
		{FC3224E8-8870-457D-B62C-5C82DAE3021C} = {4D5B2C99-3280-4A35-BBF7-807FE8426F4A}
		{4D5B2C99-3280-4A35-BBF7-807FE8426F4A} = {15760239-3FEB-4D9F-A7C9-D0C902983687}
	EndGlobalSection
	GlobalSection(ExtensibilityGlobals) = postSolution
		SolutionGuid = {3CE91D4B-D8BE-4CE7-9EDB-161F70692ED2}
	EndGlobalSection
EndGlobal
